
Microsoft Visual Studio Solution File, Format Version 12.00
# Visual Studio 15
VisualStudioVersion = 15.0.27130.2036
MinimumVisualStudioVersion = 10.0.40219.1
Project("{FAE04EC0-301F-11D3-BF4B-00C04F79EFBC}") = "NB.Web", "NB.Web\NB.Web.csproj", "{50EB3CBB-8A90-467B-9BAE-2B192E3A6783}"
EndProject
Project("{FAE04EC0-301F-11D3-BF4B-00C04F79EFBC}") = "NB.Application", "NB.Application\NB.Application.csproj", "{E6B22BC1-4EAC-4F30-9271-57027CCFC479}"
EndProject
Project("{FAE04EC0-301F-11D3-BF4B-00C04F79EFBC}") = "NB.Code", "NB.Code\NB.Code.csproj", "{44C063E8-82D2-45AD-93BE-F27CB86D988E}"
EndProject
Project("{FAE04EC0-301F-11D3-BF4B-00C04F79EFBC}") = "NB.Data", "NB.Data\NB.Data.csproj", "{54A3C826-962C-4552-993F-706057FF91DD}"
EndProject
Project("{FAE04EC0-301F-11D3-BF4B-00C04F79EFBC}") = "NB.Domain", "NB.Domain\NB.Domain.csproj", "{50F59FFB-67A4-46BE-A2DB-B391B9E6C079}"
EndProject
Project("{FAE04EC0-301F-11D3-BF4B-00C04F79EFBC}") = "NB.Mapping", "NB.Mapping\NB.Mapping.csproj", "{C30F395E-28D9-42E6-9E7D-71CFD0042BF1}"
EndProject
Project("{FAE04EC0-301F-11D3-BF4B-00C04F79EFBC}") = "NB.Repository", "NB.Repository\NB.Repository.csproj", "{E5AAFEC1-E28B-48DB-B22D-E87D8A3AAE8B}"
EndProject
Global
	GlobalSection(SolutionConfigurationPlatforms) = preSolution
		Debug|Any CPU = Debug|Any CPU
		Release|Any CPU = Release|Any CPU
	EndGlobalSection
	GlobalSection(ProjectConfigurationPlatforms) = postSolution
		{50EB3CBB-8A90-467B-9BAE-2B192E3A6783}.Debug|Any CPU.ActiveCfg = Debug|Any CPU
		{50EB3CBB-8A90-467B-9BAE-2B192E3A6783}.Debug|Any CPU.Build.0 = Debug|Any CPU
		{50EB3CBB-8A90-467B-9BAE-2B192E3A6783}.Release|Any CPU.ActiveCfg = Release|Any CPU
		{50EB3CBB-8A90-467B-9BAE-2B192E3A6783}.Release|Any CPU.Build.0 = Release|Any CPU
		{E6B22BC1-4EAC-4F30-9271-57027CCFC479}.Debug|Any CPU.ActiveCfg = Debug|Any CPU
		{E6B22BC1-4EAC-4F30-9271-57027CCFC479}.Debug|Any CPU.Build.0 = Debug|Any CPU
		{E6B22BC1-4EAC-4F30-9271-57027CCFC479}.Release|Any CPU.ActiveCfg = Release|Any CPU
		{E6B22BC1-4EAC-4F30-9271-57027CCFC479}.Release|Any CPU.Build.0 = Release|Any CPU
		{44C063E8-82D2-45AD-93BE-F27CB86D988E}.Debug|Any CPU.ActiveCfg = Debug|Any CPU
		{44C063E8-82D2-45AD-93BE-F27CB86D988E}.Debug|Any CPU.Build.0 = Debug|Any CPU
		{44C063E8-82D2-45AD-93BE-F27CB86D988E}.Release|Any CPU.ActiveCfg = Release|Any CPU
		{44C063E8-82D2-45AD-93BE-F27CB86D988E}.Release|Any CPU.Build.0 = Release|Any CPU
		{54A3C826-962C-4552-993F-706057FF91DD}.Debug|Any CPU.ActiveCfg = Debug|Any CPU
		{54A3C826-962C-4552-993F-706057FF91DD}.Debug|Any CPU.Build.0 = Debug|Any CPU
		{54A3C826-962C-4552-993F-706057FF91DD}.Release|Any CPU.ActiveCfg = Release|Any CPU
		{54A3C826-962C-4552-993F-706057FF91DD}.Release|Any CPU.Build.0 = Release|Any CPU
		{50F59FFB-67A4-46BE-A2DB-B391B9E6C079}.Debug|Any CPU.ActiveCfg = Debug|Any CPU
		{50F59FFB-67A4-46BE-A2DB-B391B9E6C079}.Debug|Any CPU.Build.0 = Debug|Any CPU
		{50F59FFB-67A4-46BE-A2DB-B391B9E6C079}.Release|Any CPU.ActiveCfg = Release|Any CPU
		{50F59FFB-67A4-46BE-A2DB-B391B9E6C079}.Release|Any CPU.Build.0 = Release|Any CPU
		{C30F395E-28D9-42E6-9E7D-71CFD0042BF1}.Debug|Any CPU.ActiveCfg = Debug|Any CPU
		{C30F395E-28D9-42E6-9E7D-71CFD0042BF1}.Debug|Any CPU.Build.0 = Debug|Any CPU
		{C30F395E-28D9-42E6-9E7D-71CFD0042BF1}.Release|Any CPU.ActiveCfg = Release|Any CPU
		{C30F395E-28D9-42E6-9E7D-71CFD0042BF1}.Release|Any CPU.Build.0 = Release|Any CPU
		{E5AAFEC1-E28B-48DB-B22D-E87D8A3AAE8B}.Debug|Any CPU.ActiveCfg = Debug|Any CPU
		{E5AAFEC1-E28B-48DB-B22D-E87D8A3AAE8B}.Debug|Any CPU.Build.0 = Debug|Any CPU
		{E5AAFEC1-E28B-48DB-B22D-E87D8A3AAE8B}.Release|Any CPU.ActiveCfg = Release|Any CPU
		{E5AAFEC1-E28B-48DB-B22D-E87D8A3AAE8B}.Release|Any CPU.Build.0 = Release|Any CPU
	EndGlobalSection
	GlobalSection(SolutionProperties) = preSolution
		HideSolutionNode = FALSE
	EndGlobalSection
	GlobalSection(ExtensibilityGlobals) = postSolution
		SolutionGuid = {9E21AD23-C5A5-4B3A-B875-4AFE843AAB47}
	EndGlobalSection
EndGlobal
